// !$*UTF8*$!
{
	archiveVersion = 1;
	classes = {
	};
	objectVersion = 46;
	objects = {

/* Begin PBXBuildFile section */
		18090E081CCA1C06000D95BA /* CFCityPickerVC.swift in Sources */ = {isa = PBXBuildFile; fileRef = 18090DF31CCA1C06000D95BA /* CFCityPickerVC.swift */; };
		18090E091CCA1C06000D95BA /* CFCityPickerVCCommon.swift in Sources */ = {isa = PBXBuildFile; fileRef = 18090DF51CCA1C06000D95BA /* CFCityPickerVCCommon.swift */; };
		18090E0A1CCA1C06000D95BA /* LocationManager.swift in Sources */ = {isa = PBXBuildFile; fileRef = 18090DF61CCA1C06000D95BA /* LocationManager.swift */; };
		18090E0B1CCA1C06000D95BA /* CitySearchResultVC.swift in Sources */ = {isa = PBXBuildFile; fileRef = 18090DF81CCA1C06000D95BA /* CitySearchResultVC.swift */; };
		18090E0C1CCA1C06000D95BA /* CitySearchResultVC.xib in Resources */ = {isa = PBXBuildFile; fileRef = 18090DF91CCA1C06000D95BA /* CitySearchResultVC.xib */; };
		18090E0D1CCA1C06000D95BA /* CFCityPickerVC+Main.swift in Sources */ = {isa = PBXBuildFile; fileRef = 18090DFB1CCA1C06000D95BA /* CFCityPickerVC+Main.swift */; };
		18090E0E1CCA1C06000D95BA /* CFCityPickerVC+TableView.swift in Sources */ = {isa = PBXBuildFile; fileRef = 18090DFC1CCA1C06000D95BA /* CFCityPickerVC+TableView.swift */; };
		18090E0F1CCA1C06000D95BA /* CityModel.swift in Sources */ = {isa = PBXBuildFile; fileRef = 18090DFE1CCA1C06000D95BA /* CityModel.swift */; };
		18090E101CCA1C06000D95BA /* img.bundle in Resources */ = {isa = PBXBuildFile; fileRef = 18090E001CCA1C06000D95BA /* img.bundle */; };
		18090E111CCA1C06000D95BA /* CFCityCell.swift in Sources */ = {isa = PBXBuildFile; fileRef = 18090E021CCA1C06000D95BA /* CFCityCell.swift */; };
		18090E121CCA1C06000D95BA /* CFCityCell.xib in Resources */ = {isa = PBXBuildFile; fileRef = 18090E031CCA1C06000D95BA /* CFCityCell.xib */; };
		18090E131CCA1C06000D95BA /* CityMaskView.swift in Sources */ = {isa = PBXBuildFile; fileRef = 18090E041CCA1C06000D95BA /* CityMaskView.swift */; };
		18090E141CCA1C06000D95BA /* CitySearchBar.swift in Sources */ = {isa = PBXBuildFile; fileRef = 18090E051CCA1C06000D95BA /* CitySearchBar.swift */; };
		18090E151CCA1C06000D95BA /* HeaderItemView.swift in Sources */ = {isa = PBXBuildFile; fileRef = 18090E061CCA1C06000D95BA /* HeaderItemView.swift */; };
		18090E161CCA1C06000D95BA /* HeaderItemView.xib in Resources */ = {isa = PBXBuildFile; fileRef = 18090E071CCA1C06000D95BA /* HeaderItemView.xib */; };
		1814ED861CACB0E600D1DA65 /* SingleTon.swift in Sources */ = {isa = PBXBuildFile; fileRef = 1814ED851CACB0E600D1DA65 /* SingleTon.swift */; };
		1814ED881CACC84300D1DA65 /* NetWorkCore.swift in Sources */ = {isa = PBXBuildFile; fileRef = 1814ED871CACC84300D1DA65 /* NetWorkCore.swift */; };
		181A13601CABC98C00C8D798 /* BaseBtn.swift in Sources */ = {isa = PBXBuildFile; fileRef = 181A135F1CABC98C00C8D798 /* BaseBtn.swift */; };
		182A52831CD0C0D600A27366 /* RYCuteView.swift in Sources */ = {isa = PBXBuildFile; fileRef = 182A52821CD0C0D600A27366 /* RYCuteView.swift */; };
		1839199D1CAA105800D69792 /* AppDelegate.swift in Sources */ = {isa = PBXBuildFile; fileRef = 1839199C1CAA105800D69792 /* AppDelegate.swift */; };
		1839199F1CAA105800D69792 /* ViewController.swift in Sources */ = {isa = PBXBuildFile; fileRef = 1839199E1CAA105800D69792 /* ViewController.swift */; };
		183919A21CAA105800D69792 /* Main.storyboard in Resources */ = {isa = PBXBuildFile; fileRef = 183919A01CAA105800D69792 /* Main.storyboard */; };
		183919A41CAA105800D69792 /* Assets.xcassets in Resources */ = {isa = PBXBuildFile; fileRef = 183919A31CAA105800D69792 /* Assets.xcassets */; };
		183919A71CAA105800D69792 /* LaunchScreen.storyboard in Resources */ = {isa = PBXBuildFile; fileRef = 183919A51CAA105800D69792 /* LaunchScreen.storyboard */; };
		183919B21CAA105800D69792 /* SnapKtiDemoTests.swift in Sources */ = {isa = PBXBuildFile; fileRef = 183919B11CAA105800D69792 /* SnapKtiDemoTests.swift */; };
		183919BD1CAA105800D69792 /* SnapKtiDemoUITests.swift in Sources */ = {isa = PBXBuildFile; fileRef = 183919BC1CAA105800D69792 /* SnapKtiDemoUITests.swift */; };
		184997731CCDAA8C00E4494C /* PresentViewController.swift in Sources */ = {isa = PBXBuildFile; fileRef = 184997721CCDAA8C00E4494C /* PresentViewController.swift */; };
		184997751CCDF45E00E4494C /* CirCleViewController.swift in Sources */ = {isa = PBXBuildFile; fileRef = 184997741CCDF45E00E4494C /* CirCleViewController.swift */; };
		186AAB3D1CCEFAD8007E0E99 /* MainCommentView.swift in Sources */ = {isa = PBXBuildFile; fileRef = 186AAB3C1CCEFAD8007E0E99 /* MainCommentView.swift */; };
		186AAB421CCEFEA2007E0E99 /* CommentViewController.swift in Sources */ = {isa = PBXBuildFile; fileRef = 186AAB411CCEFEA2007E0E99 /* CommentViewController.swift */; };
		186AAB481CCF3BE3007E0E99 /* ButtonExtension.swift in Sources */ = {isa = PBXBuildFile; fileRef = 186AAB471CCF3BE3007E0E99 /* ButtonExtension.swift */; };
		186AAB4A1CCF4215007E0E99 /* 分享.png in Resources */ = {isa = PBXBuildFile; fileRef = 186AAB491CCF4215007E0E99 /* 分享.png */; };
		186AAB4C1CCF48EC007E0E99 /* 收藏.png in Resources */ = {isa = PBXBuildFile; fileRef = 186AAB4B1CCF48EC007E0E99 /* 收藏.png */; };
		186AAB4E1CCF49A2007E0E99 /* 评论.png in Resources */ = {isa = PBXBuildFile; fileRef = 186AAB4D1CCF49A2007E0E99 /* 评论.png */; };
		186AAB501CCF5141007E0E99 /* 收藏 1.png in Resources */ = {isa = PBXBuildFile; fileRef = 186AAB4F1CCF5141007E0E99 /* 收藏 1.png */; };
		186AAB521CCF65B7007E0E99 /* MyTextView.swift in Sources */ = {isa = PBXBuildFile; fileRef = 186AAB511CCF65B7007E0E99 /* MyTextView.swift */; };
		187A32131CAE18D3000E9321 /* CirCleView.swift in Sources */ = {isa = PBXBuildFile; fileRef = 187A32121CAE18D3000E9321 /* CirCleView.swift */; };
		187A32171CAE1A60000E9321 /* third.jpg in Resources */ = {isa = PBXBuildFile; fileRef = 187A32141CAE1A60000E9321 /* third.jpg */; };
		187A32181CAE1A60000E9321 /* second.jpg in Resources */ = {isa = PBXBuildFile; fileRef = 187A32151CAE1A60000E9321 /* second.jpg */; };
		187A32191CAE1A60000E9321 /* first.jpg in Resources */ = {isa = PBXBuildFile; fileRef = 187A32161CAE1A60000E9321 /* first.jpg */; };
		187A321B1CAE5897000E9321 /* four.jpg in Resources */ = {isa = PBXBuildFile; fileRef = 187A321A1CAE5897000E9321 /* four.jpg */; };
		187A321D1CAE5A7D000E9321 /* 5.jpg in Resources */ = {isa = PBXBuildFile; fileRef = 187A321C1CAE5A7D000E9321 /* 5.jpg */; };
		188203901CAB6C590060C5B3 /* SecondViewController.swift in Sources */ = {isa = PBXBuildFile; fileRef = 1882038F1CAB6C590060C5B3 /* SecondViewController.swift */; };
		18D45A891CD98D9D008C5C2D /* UIButton+touch.m in Sources */ = {isa = PBXBuildFile; fileRef = 18D45A881CD98D9D008C5C2D /* UIButton+touch.m */; };
		18DDAA4F1CD303DD0004D2DE /* RefreshViewController.swift in Sources */ = {isa = PBXBuildFile; fileRef = 18DDAA4E1CD303DD0004D2DE /* RefreshViewController.swift */; };
		9B3A73DA8DCC367A6FCDF714 /* Pods.framework in Frameworks */ = {isa = PBXBuildFile; fileRef = 8706101BB87F26F7E71B5D53 /* Pods.framework */; };
/* End PBXBuildFile section */

/* Begin PBXContainerItemProxy section */
		183919AE1CAA105800D69792 /* PBXContainerItemProxy */ = {
			isa = PBXContainerItemProxy;
			containerPortal = 183919911CAA105800D69792 /* Project object */;
			proxyType = 1;
			remoteGlobalIDString = 183919981CAA105800D69792;
			remoteInfo = SnapKtiDemo;
		};
		183919B91CAA105800D69792 /* PBXContainerItemProxy */ = {
			isa = PBXContainerItemProxy;
			containerPortal = 183919911CAA105800D69792 /* Project object */;
			proxyType = 1;
			remoteGlobalIDString = 183919981CAA105800D69792;
			remoteInfo = SnapKtiDemo;
		};
/* End PBXContainerItemProxy section */

/* Begin PBXFileReference section */
		18090DF31CCA1C06000D95BA /* CFCityPickerVC.swift */ = {isa = PBXFileReference; fileEncoding = 4; lastKnownFileType = sourcecode.swift; path = CFCityPickerVC.swift; sourceTree = "<group>"; };
		18090DF51CCA1C06000D95BA /* CFCityPickerVCCommon.swift */ = {isa = PBXFileReference; fileEncoding = 4; lastKnownFileType = sourcecode.swift; path = CFCityPickerVCCommon.swift; sourceTree = "<group>"; };
		18090DF61CCA1C06000D95BA /* LocationManager.swift */ = {isa = PBXFileReference; fileEncoding = 4; lastKnownFileType = sourcecode.swift; path = LocationManager.swift; sourceTree = "<group>"; };
		18090DF81CCA1C06000D95BA /* CitySearchResultVC.swift */ = {isa = PBXFileReference; fileEncoding = 4; lastKnownFileType = sourcecode.swift; path = CitySearchResultVC.swift; sourceTree = "<group>"; };
		18090DF91CCA1C06000D95BA /* CitySearchResultVC.xib */ = {isa = PBXFileReference; fileEncoding = 4; lastKnownFileType = file.xib; path = CitySearchResultVC.xib; sourceTree = "<group>"; };
		18090DFB1CCA1C06000D95BA /* CFCityPickerVC+Main.swift */ = {isa = PBXFileReference; fileEncoding = 4; lastKnownFileType = sourcecode.swift; path = "CFCityPickerVC+Main.swift"; sourceTree = "<group>"; };
		18090DFC1CCA1C06000D95BA /* CFCityPickerVC+TableView.swift */ = {isa = PBXFileReference; fileEncoding = 4; lastKnownFileType = sourcecode.swift; path = "CFCityPickerVC+TableView.swift"; sourceTree = "<group>"; };
		18090DFE1CCA1C06000D95BA /* CityModel.swift */ = {isa = PBXFileReference; fileEncoding = 4; lastKnownFileType = sourcecode.swift; path = CityModel.swift; sourceTree = "<group>"; };
		18090E001CCA1C06000D95BA /* img.bundle */ = {isa = PBXFileReference; lastKnownFileType = "wrapper.plug-in"; path = img.bundle; sourceTree = "<group>"; };
		18090E021CCA1C06000D95BA /* CFCityCell.swift */ = {isa = PBXFileReference; fileEncoding = 4; lastKnownFileType = sourcecode.swift; path = CFCityCell.swift; sourceTree = "<group>"; };
		18090E031CCA1C06000D95BA /* CFCityCell.xib */ = {isa = PBXFileReference; fileEncoding = 4; lastKnownFileType = file.xib; path = CFCityCell.xib; sourceTree = "<group>"; };
		18090E041CCA1C06000D95BA /* CityMaskView.swift */ = {isa = PBXFileReference; fileEncoding = 4; lastKnownFileType = sourcecode.swift; path = CityMaskView.swift; sourceTree = "<group>"; };
		18090E051CCA1C06000D95BA /* CitySearchBar.swift */ = {isa = PBXFileReference; fileEncoding = 4; lastKnownFileType = sourcecode.swift; path = CitySearchBar.swift; sourceTree = "<group>"; };
		18090E061CCA1C06000D95BA /* HeaderItemView.swift */ = {isa = PBXFileReference; fileEncoding = 4; lastKnownFileType = sourcecode.swift; path = HeaderItemView.swift; sourceTree = "<group>"; };
		18090E071CCA1C06000D95BA /* HeaderItemView.xib */ = {isa = PBXFileReference; fileEncoding = 4; lastKnownFileType = file.xib; path = HeaderItemView.xib; sourceTree = "<group>"; };
		1814ED851CACB0E600D1DA65 /* SingleTon.swift */ = {isa = PBXFileReference; fileEncoding = 4; lastKnownFileType = sourcecode.swift; path = SingleTon.swift; sourceTree = "<group>"; };
		1814ED871CACC84300D1DA65 /* NetWorkCore.swift */ = {isa = PBXFileReference; fileEncoding = 4; lastKnownFileType = sourcecode.swift; path = NetWorkCore.swift; sourceTree = "<group>"; };
		181A135F1CABC98C00C8D798 /* BaseBtn.swift */ = {isa = PBXFileReference; fileEncoding = 4; lastKnownFileType = sourcecode.swift; path = BaseBtn.swift; sourceTree = "<group>"; };
		182A52821CD0C0D600A27366 /* RYCuteView.swift */ = {isa = PBXFileReference; fileEncoding = 4; lastKnownFileType = sourcecode.swift; path = RYCuteView.swift; sourceTree = "<group>"; };
		183919991CAA105800D69792 /* SnapKtiDemo.app */ = {isa = PBXFileReference; explicitFileType = wrapper.application; includeInIndex = 0; path = SnapKtiDemo.app; sourceTree = BUILT_PRODUCTS_DIR; };
		1839199C1CAA105800D69792 /* AppDelegate.swift */ = {isa = PBXFileReference; lastKnownFileType = sourcecode.swift; path = AppDelegate.swift; sourceTree = "<group>"; };
		1839199E1CAA105800D69792 /* ViewController.swift */ = {isa = PBXFileReference; lastKnownFileType = sourcecode.swift; path = ViewController.swift; sourceTree = "<group>"; };
		183919A11CAA105800D69792 /* Base */ = {isa = PBXFileReference; lastKnownFileType = file.storyboard; name = Base; path = Base.lproj/Main.storyboard; sourceTree = "<group>"; };
		183919A31CAA105800D69792 /* Assets.xcassets */ = {isa = PBXFileReference; lastKnownFileType = folder.assetcatalog; path = Assets.xcassets; sourceTree = "<group>"; };
		183919A61CAA105800D69792 /* Base */ = {isa = PBXFileReference; lastKnownFileType = file.storyboard; name = Base; path = Base.lproj/LaunchScreen.storyboard; sourceTree = "<group>"; };
		183919A81CAA105800D69792 /* Info.plist */ = {isa = PBXFileReference; lastKnownFileType = text.plist.xml; path = Info.plist; sourceTree = "<group>"; };
		183919AD1CAA105800D69792 /* SnapKtiDemoTests.xctest */ = {isa = PBXFileReference; explicitFileType = wrapper.cfbundle; includeInIndex = 0; path = SnapKtiDemoTests.xctest; sourceTree = BUILT_PRODUCTS_DIR; };
		183919B11CAA105800D69792 /* SnapKtiDemoTests.swift */ = {isa = PBXFileReference; lastKnownFileType = sourcecode.swift; path = SnapKtiDemoTests.swift; sourceTree = "<group>"; };
		183919B31CAA105800D69792 /* Info.plist */ = {isa = PBXFileReference; lastKnownFileType = text.plist.xml; path = Info.plist; sourceTree = "<group>"; };
		183919B81CAA105800D69792 /* SnapKtiDemoUITests.xctest */ = {isa = PBXFileReference; explicitFileType = wrapper.cfbundle; includeInIndex = 0; path = SnapKtiDemoUITests.xctest; sourceTree = BUILT_PRODUCTS_DIR; };
		183919BC1CAA105800D69792 /* SnapKtiDemoUITests.swift */ = {isa = PBXFileReference; lastKnownFileType = sourcecode.swift; path = SnapKtiDemoUITests.swift; sourceTree = "<group>"; };
		183919BE1CAA105800D69792 /* Info.plist */ = {isa = PBXFileReference; lastKnownFileType = text.plist.xml; path = Info.plist; sourceTree = "<group>"; };
		184997721CCDAA8C00E4494C /* PresentViewController.swift */ = {isa = PBXFileReference; fileEncoding = 4; lastKnownFileType = sourcecode.swift; path = PresentViewController.swift; sourceTree = "<group>"; };
		184997741CCDF45E00E4494C /* CirCleViewController.swift */ = {isa = PBXFileReference; fileEncoding = 4; lastKnownFileType = sourcecode.swift; path = CirCleViewController.swift; sourceTree = "<group>"; };
		186AAB3C1CCEFAD8007E0E99 /* MainCommentView.swift */ = {isa = PBXFileReference; fileEncoding = 4; lastKnownFileType = sourcecode.swift; path = MainCommentView.swift; sourceTree = "<group>"; };
		186AAB411CCEFEA2007E0E99 /* CommentViewController.swift */ = {isa = PBXFileReference; fileEncoding = 4; lastKnownFileType = sourcecode.swift; path = CommentViewController.swift; sourceTree = "<group>"; };
		186AAB471CCF3BE3007E0E99 /* ButtonExtension.swift */ = {isa = PBXFileReference; fileEncoding = 4; lastKnownFileType = sourcecode.swift; path = ButtonExtension.swift; sourceTree = "<group>"; };
		186AAB491CCF4215007E0E99 /* 分享.png */ = {isa = PBXFileReference; lastKnownFileType = image.png; path = "分享.png"; sourceTree = "<group>"; };
		186AAB4B1CCF48EC007E0E99 /* 收藏.png */ = {isa = PBXFileReference; lastKnownFileType = image.png; path = "收藏.png"; sourceTree = "<group>"; };
		186AAB4D1CCF49A2007E0E99 /* 评论.png */ = {isa = PBXFileReference; lastKnownFileType = image.png; path = "评论.png"; sourceTree = "<group>"; };
		186AAB4F1CCF5141007E0E99 /* 收藏 1.png */ = {isa = PBXFileReference; lastKnownFileType = image.png; path = "收藏 1.png"; sourceTree = "<group>"; };
		186AAB511CCF65B7007E0E99 /* MyTextView.swift */ = {isa = PBXFileReference; fileEncoding = 4; lastKnownFileType = sourcecode.swift; path = MyTextView.swift; sourceTree = "<group>"; };
		187A32121CAE18D3000E9321 /* CirCleView.swift */ = {isa = PBXFileReference; fileEncoding = 4; lastKnownFileType = sourcecode.swift; path = CirCleView.swift; sourceTree = "<group>"; };
		187A32141CAE1A60000E9321 /* third.jpg */ = {isa = PBXFileReference; lastKnownFileType = image.jpeg; path = third.jpg; sourceTree = "<group>"; };
		187A32151CAE1A60000E9321 /* second.jpg */ = {isa = PBXFileReference; lastKnownFileType = image.jpeg; path = second.jpg; sourceTree = "<group>"; };
		187A32161CAE1A60000E9321 /* first.jpg */ = {isa = PBXFileReference; lastKnownFileType = image.jpeg; path = first.jpg; sourceTree = "<group>"; };
		187A321A1CAE5897000E9321 /* four.jpg */ = {isa = PBXFileReference; lastKnownFileType = image.jpeg; path = four.jpg; sourceTree = "<group>"; };
		187A321C1CAE5A7D000E9321 /* 5.jpg */ = {isa = PBXFileReference; lastKnownFileType = image.jpeg; path = 5.jpg; sourceTree = "<group>"; };
		1882038F1CAB6C590060C5B3 /* SecondViewController.swift */ = {isa = PBXFileReference; fileEncoding = 4; lastKnownFileType = sourcecode.swift; path = SecondViewController.swift; sourceTree = "<group>"; };
		18D45A861CD98D9C008C5C2D /* SnapKtiDemo-Bridging-Header.h */ = {isa = PBXFileReference; lastKnownFileType = sourcecode.c.h; path = "SnapKtiDemo-Bridging-Header.h"; sourceTree = "<group>"; };
		18D45A871CD98D9D008C5C2D /* UIButton+touch.h */ = {isa = PBXFileReference; fileEncoding = 4; lastKnownFileType = sourcecode.c.h; path = "UIButton+touch.h"; sourceTree = "<group>"; };
		18D45A881CD98D9D008C5C2D /* UIButton+touch.m */ = {isa = PBXFileReference; fileEncoding = 4; lastKnownFileType = sourcecode.c.objc; path = "UIButton+touch.m"; sourceTree = "<group>"; };
		18DDAA4E1CD303DD0004D2DE /* RefreshViewController.swift */ = {isa = PBXFileReference; fileEncoding = 4; lastKnownFileType = sourcecode.swift; path = RefreshViewController.swift; sourceTree = "<group>"; };
		4A2D0F3B9BF67EC056AEF6FB /* Pods.debug.xcconfig */ = {isa = PBXFileReference; includeInIndex = 1; lastKnownFileType = text.xcconfig; name = Pods.debug.xcconfig; path = "Pods/Target Support Files/Pods/Pods.debug.xcconfig"; sourceTree = "<group>"; };
		8706101BB87F26F7E71B5D53 /* Pods.framework */ = {isa = PBXFileReference; explicitFileType = wrapper.framework; includeInIndex = 0; path = Pods.framework; sourceTree = BUILT_PRODUCTS_DIR; };
		BD28B443495944E86FD0AB10 /* Pods.release.xcconfig */ = {isa = PBXFileReference; includeInIndex = 1; lastKnownFileType = text.xcconfig; name = Pods.release.xcconfig; path = "Pods/Target Support Files/Pods/Pods.release.xcconfig"; sourceTree = "<group>"; };
/* End PBXFileReference section */

/* Begin PBXFrameworksBuildPhase section */
		183919961CAA105800D69792 /* Frameworks */ = {
			isa = PBXFrameworksBuildPhase;
			buildActionMask = 2147483647;
			files = (
				9B3A73DA8DCC367A6FCDF714 /* Pods.framework in Frameworks */,
			);
			runOnlyForDeploymentPostprocessing = 0;
		};
		183919AA1CAA105800D69792 /* Frameworks */ = {
			isa = PBXFrameworksBuildPhase;
			buildActionMask = 2147483647;
			files = (
			);
			runOnlyForDeploymentPostprocessing = 0;
		};
		183919B51CAA105800D69792 /* Frameworks */ = {
			isa = PBXFrameworksBuildPhase;
			buildActionMask = 2147483647;
			files = (
			);
			runOnlyForDeploymentPostprocessing = 0;
		};
/* End PBXFrameworksBuildPhase section */

/* Begin PBXGroup section */
		162742C72EA3815C13DCA732 /* Pods */ = {
			isa = PBXGroup;
			children = (
				4A2D0F3B9BF67EC056AEF6FB /* Pods.debug.xcconfig */,
				BD28B443495944E86FD0AB10 /* Pods.release.xcconfig */,
			);
			name = Pods;
			sourceTree = "<group>";
		};
		18090DF21CCA1C06000D95BA /* CFCityPickerVC */ = {
			isa = PBXGroup;
			children = (
				18090DF31CCA1C06000D95BA /* CFCityPickerVC.swift */,
				18090DF41CCA1C06000D95BA /* Common */,
				18090DF71CCA1C06000D95BA /* Controller */,
				18090DFA1CCA1C06000D95BA /* Extendsion */,
				18090DFD1CCA1C06000D95BA /* Model */,
				18090DFF1CCA1C06000D95BA /* Resource */,
				18090E011CCA1C06000D95BA /* View */,
			);
			name = CFCityPickerVC;
			path = SnapKtiDemo/CFCityPickerVC;
			sourceTree = "<group>";
		};
		18090DF41CCA1C06000D95BA /* Common */ = {
			isa = PBXGroup;
			children = (
				18090DF51CCA1C06000D95BA /* CFCityPickerVCCommon.swift */,
				18090DF61CCA1C06000D95BA /* LocationManager.swift */,
			);
			path = Common;
			sourceTree = "<group>";
		};
		18090DF71CCA1C06000D95BA /* Controller */ = {
			isa = PBXGroup;
			children = (
				18090DF81CCA1C06000D95BA /* CitySearchResultVC.swift */,
				18090DF91CCA1C06000D95BA /* CitySearchResultVC.xib */,
			);
			path = Controller;
			sourceTree = "<group>";
		};
		18090DFA1CCA1C06000D95BA /* Extendsion */ = {
			isa = PBXGroup;
			children = (
				18090DFB1CCA1C06000D95BA /* CFCityPickerVC+Main.swift */,
				18090DFC1CCA1C06000D95BA /* CFCityPickerVC+TableView.swift */,
			);
			path = Extendsion;
			sourceTree = "<group>";
		};
		18090DFD1CCA1C06000D95BA /* Model */ = {
			isa = PBXGroup;
			children = (
				18090DFE1CCA1C06000D95BA /* CityModel.swift */,
			);
			path = Model;
			sourceTree = "<group>";
		};
		18090DFF1CCA1C06000D95BA /* Resource */ = {
			isa = PBXGroup;
			children = (
				18090E001CCA1C06000D95BA /* img.bundle */,
			);
			path = Resource;
			sourceTree = "<group>";
		};
		18090E011CCA1C06000D95BA /* View */ = {
			isa = PBXGroup;
			children = (
				18090E021CCA1C06000D95BA /* CFCityCell.swift */,
				18090E031CCA1C06000D95BA /* CFCityCell.xib */,
				18090E041CCA1C06000D95BA /* CityMaskView.swift */,
				18090E051CCA1C06000D95BA /* CitySearchBar.swift */,
				18090E061CCA1C06000D95BA /* HeaderItemView.swift */,
				18090E071CCA1C06000D95BA /* HeaderItemView.xib */,
			);
			path = View;
			sourceTree = "<group>";
		};
		183919901CAA105800D69792 = {
			isa = PBXGroup;
			children = (
				18090DF21CCA1C06000D95BA /* CFCityPickerVC */,
				1839199B1CAA105800D69792 /* SnapKtiDemo */,
				183919B01CAA105800D69792 /* SnapKtiDemoTests */,
				183919BB1CAA105800D69792 /* SnapKtiDemoUITests */,
				1839199A1CAA105800D69792 /* Products */,
				162742C72EA3815C13DCA732 /* Pods */,
				572A55E90710FFF6F7742302 /* Frameworks */,
			);
			sourceTree = "<group>";
		};
		1839199A1CAA105800D69792 /* Products */ = {
			isa = PBXGroup;
			children = (
				183919991CAA105800D69792 /* SnapKtiDemo.app */,
				183919AD1CAA105800D69792 /* SnapKtiDemoTests.xctest */,
				183919B81CAA105800D69792 /* SnapKtiDemoUITests.xctest */,
			);
			name = Products;
			sourceTree = "<group>";
		};
		1839199B1CAA105800D69792 /* SnapKtiDemo */ = {
			isa = PBXGroup;
			children = (
				186AAB4F1CCF5141007E0E99 /* 收藏 1.png */,
				186AAB4D1CCF49A2007E0E99 /* 评论.png */,
				186AAB4B1CCF48EC007E0E99 /* 收藏.png */,
				186AAB491CCF4215007E0E99 /* 分享.png */,
				187A32141CAE1A60000E9321 /* third.jpg */,
				187A32151CAE1A60000E9321 /* second.jpg */,
				187A32161CAE1A60000E9321 /* first.jpg */,
				187A321A1CAE5897000E9321 /* four.jpg */,
				187A321C1CAE5A7D000E9321 /* 5.jpg */,
				1839199C1CAA105800D69792 /* AppDelegate.swift */,
				1839199E1CAA105800D69792 /* ViewController.swift */,
				18D45A871CD98D9D008C5C2D /* UIButton+touch.h */,
				18D45A881CD98D9D008C5C2D /* UIButton+touch.m */,
				186AAB401CCEFE5F007E0E99 /* 底部评论视图 */,
				186AAB3F1CCEFE30007E0E99 /* 轮播图 */,
				18DDAA4D1CD3038E0004D2DE /* 不一样的下拉刷新 */,
				186AAB3E1CCEFE0E007E0E99 /* 贝塞尔曲线 */,
				1882038F1CAB6C590060C5B3 /* SecondViewController.swift */,
				181A135F1CABC98C00C8D798 /* BaseBtn.swift */,
				1814ED851CACB0E600D1DA65 /* SingleTon.swift */,
				1814ED871CACC84300D1DA65 /* NetWorkCore.swift */,
				183919A01CAA105800D69792 /* Main.storyboard */,
				183919A31CAA105800D69792 /* Assets.xcassets */,
				183919A51CAA105800D69792 /* LaunchScreen.storyboard */,
				183919A81CAA105800D69792 /* Info.plist */,
				18D45A861CD98D9C008C5C2D /* SnapKtiDemo-Bridging-Header.h */,
			);
			path = SnapKtiDemo;
			sourceTree = "<group>";
		};
		183919B01CAA105800D69792 /* SnapKtiDemoTests */ = {
			isa = PBXGroup;
			children = (
				183919B11CAA105800D69792 /* SnapKtiDemoTests.swift */,
				183919B31CAA105800D69792 /* Info.plist */,
			);
			path = SnapKtiDemoTests;
			sourceTree = "<group>";
		};
		183919BB1CAA105800D69792 /* SnapKtiDemoUITests */ = {
			isa = PBXGroup;
			children = (
				183919BC1CAA105800D69792 /* SnapKtiDemoUITests.swift */,
				183919BE1CAA105800D69792 /* Info.plist */,
			);
			path = SnapKtiDemoUITests;
			sourceTree = "<group>";
		};
		186AAB3E1CCEFE0E007E0E99 /* 贝塞尔曲线 */ = {
			isa = PBXGroup;
			children = (
				184997721CCDAA8C00E4494C /* PresentViewController.swift */,
				182A52821CD0C0D600A27366 /* RYCuteView.swift */,
			);
			name = "贝塞尔曲线";
			sourceTree = "<group>";
		};
		186AAB3F1CCEFE30007E0E99 /* 轮播图 */ = {
			isa = PBXGroup;
			children = (
				184997741CCDF45E00E4494C /* CirCleViewController.swift */,
				187A32121CAE18D3000E9321 /* CirCleView.swift */,
			);
			name = "轮播图";
			sourceTree = "<group>";
		};
		186AAB401CCEFE5F007E0E99 /* 底部评论视图 */ = {
			isa = PBXGroup;
			children = (
				186AAB471CCF3BE3007E0E99 /* ButtonExtension.swift */,
				186AAB511CCF65B7007E0E99 /* MyTextView.swift */,
				186AAB411CCEFEA2007E0E99 /* CommentViewController.swift */,
				186AAB3C1CCEFAD8007E0E99 /* MainCommentView.swift */,
			);
			name = "底部评论视图";
			sourceTree = "<group>";
		};
		18DDAA4D1CD3038E0004D2DE /* 不一样的下拉刷新 */ = {
			isa = PBXGroup;
			children = (
				18DDAA4E1CD303DD0004D2DE /* RefreshViewController.swift */,
			);
			name = "不一样的下拉刷新";
			sourceTree = "<group>";
		};
		572A55E90710FFF6F7742302 /* Frameworks */ = {
			isa = PBXGroup;
			children = (
				8706101BB87F26F7E71B5D53 /* Pods.framework */,
			);
			name = Frameworks;
			sourceTree = "<group>";
		};
/* End PBXGroup section */

/* Begin PBXNativeTarget section */
		183919981CAA105800D69792 /* SnapKtiDemo */ = {
			isa = PBXNativeTarget;
			buildConfigurationList = 183919C11CAA105800D69792 /* Build configuration list for PBXNativeTarget "SnapKtiDemo" */;
			buildPhases = (
				F0A6EA7AC54658B13F00E2DD /* Check Pods Manifest.lock */,
				183919951CAA105800D69792 /* Sources */,
				183919961CAA105800D69792 /* Frameworks */,
				183919971CAA105800D69792 /* Resources */,
				257189C57CA7BBAF585D9754 /* Embed Pods Frameworks */,
				B1E83B7285808F8C2228E230 /* Copy Pods Resources */,
			);
			buildRules = (
			);
			dependencies = (
			);
			name = SnapKtiDemo;
			productName = SnapKtiDemo;
			productReference = 183919991CAA105800D69792 /* SnapKtiDemo.app */;
			productType = "com.apple.product-type.application";
		};
		183919AC1CAA105800D69792 /* SnapKtiDemoTests */ = {
			isa = PBXNativeTarget;
			buildConfigurationList = 183919C41CAA105800D69792 /* Build configuration list for PBXNativeTarget "SnapKtiDemoTests" */;
			buildPhases = (
				183919A91CAA105800D69792 /* Sources */,
				183919AA1CAA105800D69792 /* Frameworks */,
				183919AB1CAA105800D69792 /* Resources */,
			);
			buildRules = (
			);
			dependencies = (
				183919AF1CAA105800D69792 /* PBXTargetDependency */,
			);
			name = SnapKtiDemoTests;
			productName = SnapKtiDemoTests;
			productReference = 183919AD1CAA105800D69792 /* SnapKtiDemoTests.xctest */;
			productType = "com.apple.product-type.bundle.unit-test";
		};
		183919B71CAA105800D69792 /* SnapKtiDemoUITests */ = {
			isa = PBXNativeTarget;
			buildConfigurationList = 183919C71CAA105800D69792 /* Build configuration list for PBXNativeTarget "SnapKtiDemoUITests" */;
			buildPhases = (
				183919B41CAA105800D69792 /* Sources */,
				183919B51CAA105800D69792 /* Frameworks */,
				183919B61CAA105800D69792 /* Resources */,
			);
			buildRules = (
			);
			dependencies = (
				183919BA1CAA105800D69792 /* PBXTargetDependency */,
			);
			name = SnapKtiDemoUITests;
			productName = SnapKtiDemoUITests;
			productReference = 183919B81CAA105800D69792 /* SnapKtiDemoUITests.xctest */;
			productType = "com.apple.product-type.bundle.ui-testing";
		};
/* End PBXNativeTarget section */

/* Begin PBXProject section */
		183919911CAA105800D69792 /* Project object */ = {
			isa = PBXProject;
			attributes = {
				LastSwiftUpdateCheck = 0720;
				LastUpgradeCheck = 0720;
				ORGANIZATIONNAME = apple;
				TargetAttributes = {
					183919981CAA105800D69792 = {
						CreatedOnToolsVersion = 7.2;
					};
					183919AC1CAA105800D69792 = {
						CreatedOnToolsVersion = 7.2;
						TestTargetID = 183919981CAA105800D69792;
					};
					183919B71CAA105800D69792 = {
						CreatedOnToolsVersion = 7.2;
						TestTargetID = 183919981CAA105800D69792;
					};
				};
			};
			buildConfigurationList = 183919941CAA105800D69792 /* Build configuration list for PBXProject "SnapKtiDemo" */;
			compatibilityVersion = "Xcode 3.2";
			developmentRegion = English;
			hasScannedForEncodings = 0;
			knownRegions = (
				en,
				Base,
			);
			mainGroup = 183919901CAA105800D69792;
			productRefGroup = 1839199A1CAA105800D69792 /* Products */;
			projectDirPath = "";
			projectRoot = "";
			targets = (
				183919981CAA105800D69792 /* SnapKtiDemo */,
				183919AC1CAA105800D69792 /* SnapKtiDemoTests */,
				183919B71CAA105800D69792 /* SnapKtiDemoUITests */,
			);
		};
/* End PBXProject section */

/* Begin PBXResourcesBuildPhase section */
		183919971CAA105800D69792 /* Resources */ = {
			isa = PBXResourcesBuildPhase;
			buildActionMask = 2147483647;
			files = (
				186AAB4A1CCF4215007E0E99 /* 分享.png in Resources */,
				187A32191CAE1A60000E9321 /* first.jpg in Resources */,
				186AAB4C1CCF48EC007E0E99 /* 收藏.png in Resources */,
				18090E101CCA1C06000D95BA /* img.bundle in Resources */,
				186AAB501CCF5141007E0E99 /* 收藏 1.png in Resources */,
				18090E161CCA1C06000D95BA /* HeaderItemView.xib in Resources */,
				186AAB4E1CCF49A2007E0E99 /* 评论.png in Resources */,
				18090E121CCA1C06000D95BA /* CFCityCell.xib in Resources */,
				187A321D1CAE5A7D000E9321 /* 5.jpg in Resources */,
				183919A71CAA105800D69792 /* LaunchScreen.storyboard in Resources */,
				183919A41CAA105800D69792 /* Assets.xcassets in Resources */,
				18090E0C1CCA1C06000D95BA /* CitySearchResultVC.xib in Resources */,
				183919A21CAA105800D69792 /* Main.storyboard in Resources */,
				187A32171CAE1A60000E9321 /* third.jpg in Resources */,
				187A321B1CAE5897000E9321 /* four.jpg in Resources */,
				187A32181CAE1A60000E9321 /* second.jpg in Resources */,
			);
			runOnlyForDeploymentPostprocessing = 0;
		};
		183919AB1CAA105800D69792 /* Resources */ = {
			isa = PBXResourcesBuildPhase;
			buildActionMask = 2147483647;
			files = (
			);
			runOnlyForDeploymentPostprocessing = 0;
		};
		183919B61CAA105800D69792 /* Resources */ = {
			isa = PBXResourcesBuildPhase;
			buildActionMask = 2147483647;
			files = (
			);
			runOnlyForDeploymentPostprocessing = 0;
		};
/* End PBXResourcesBuildPhase section */

/* Begin PBXShellScriptBuildPhase section */
		257189C57CA7BBAF585D9754 /* Embed Pods Frameworks */ = {
			isa = PBXShellScriptBuildPhase;
			buildActionMask = 2147483647;
			files = (
			);
			inputPaths = (
			);
			name = "Embed Pods Frameworks";
			outputPaths = (
			);
			runOnlyForDeploymentPostprocessing = 0;
			shellPath = /bin/sh;
			shellScript = "\"${SRCROOT}/Pods/Target Support Files/Pods/Pods-frameworks.sh\"\n";
			showEnvVarsInLog = 0;
		};
		B1E83B7285808F8C2228E230 /* Copy Pods Resources */ = {
			isa = PBXShellScriptBuildPhase;
			buildActionMask = 2147483647;
			files = (
			);
			inputPaths = (
			);
			name = "Copy Pods Resources";
			outputPaths = (
			);
			runOnlyForDeploymentPostprocessing = 0;
			shellPath = /bin/sh;
			shellScript = "\"${SRCROOT}/Pods/Target Support Files/Pods/Pods-resources.sh\"\n";
			showEnvVarsInLog = 0;
		};
		F0A6EA7AC54658B13F00E2DD /* Check Pods Manifest.lock */ = {
			isa = PBXShellScriptBuildPhase;
			buildActionMask = 2147483647;
			files = (
			);
			inputPaths = (
			);
			name = "Check Pods Manifest.lock";
			outputPaths = (
			);
			runOnlyForDeploymentPostprocessing = 0;
			shellPath = /bin/sh;
			shellScript = "diff \"${PODS_ROOT}/../Podfile.lock\" \"${PODS_ROOT}/Manifest.lock\" > /dev/null\nif [[ $? != 0 ]] ; then\n    cat << EOM\nerror: The sandbox is not in sync with the Podfile.lock. Run 'pod install' or update your CocoaPods installation.\nEOM\n    exit 1\nfi\n";
			showEnvVarsInLog = 0;
		};
/* End PBXShellScriptBuildPhase section */

/* Begin PBXSourcesBuildPhase section */
		183919951CAA105800D69792 /* Sources */ = {
			isa = PBXSourcesBuildPhase;
			buildActionMask = 2147483647;
			files = (
				18090E081CCA1C06000D95BA /* CFCityPickerVC.swift in Sources */,
				186AAB521CCF65B7007E0E99 /* MyTextView.swift in Sources */,
				188203901CAB6C590060C5B3 /* SecondViewController.swift in Sources */,
				184997751CCDF45E00E4494C /* CirCleViewController.swift in Sources */,
				186AAB3D1CCEFAD8007E0E99 /* MainCommentView.swift in Sources */,
				18090E0A1CCA1C06000D95BA /* LocationManager.swift in Sources */,
				18090E091CCA1C06000D95BA /* CFCityPickerVCCommon.swift in Sources */,
				187A32131CAE18D3000E9321 /* CirCleView.swift in Sources */,
				18090E0D1CCA1C06000D95BA /* CFCityPickerVC+Main.swift in Sources */,
				18090E0F1CCA1C06000D95BA /* CityModel.swift in Sources */,
				1839199F1CAA105800D69792 /* ViewController.swift in Sources */,
				186AAB421CCEFEA2007E0E99 /* CommentViewController.swift in Sources */,
				18090E151CCA1C06000D95BA /* HeaderItemView.swift in Sources */,
				18090E0B1CCA1C06000D95BA /* CitySearchResultVC.swift in Sources */,
				18090E141CCA1C06000D95BA /* CitySearchBar.swift in Sources */,
				1839199D1CAA105800D69792 /* AppDelegate.swift in Sources */,
				186AAB481CCF3BE3007E0E99 /* ButtonExtension.swift in Sources */,
				1814ED881CACC84300D1DA65 /* NetWorkCore.swift in Sources */,
				1814ED861CACB0E600D1DA65 /* SingleTon.swift in Sources */,
				184997731CCDAA8C00E4494C /* PresentViewController.swift in Sources */,
				18D45A891CD98D9D008C5C2D /* UIButton+touch.m in Sources */,
				182A52831CD0C0D600A27366 /* RYCuteView.swift in Sources */,
				18090E111CCA1C06000D95BA /* CFCityCell.swift in Sources */,
				18DDAA4F1CD303DD0004D2DE /* RefreshViewController.swift in Sources */,
				18090E131CCA1C06000D95BA /* CityMaskView.swift in Sources */,
				18090E0E1CCA1C06000D95BA /* CFCityPickerVC+TableView.swift in Sources */,
				181A13601CABC98C00C8D798 /* BaseBtn.swift in Sources */,
			);
			runOnlyForDeploymentPostprocessing = 0;
		};
		183919A91CAA105800D69792 /* Sources */ = {
			isa = PBXSourcesBuildPhase;
			buildActionMask = 2147483647;
			files = (
				183919B21CAA105800D69792 /* SnapKtiDemoTests.swift in Sources */,
			);
			runOnlyForDeploymentPostprocessing = 0;
		};
		183919B41CAA105800D69792 /* Sources */ = {
			isa = PBXSourcesBuildPhase;
			buildActionMask = 2147483647;
			files = (
				183919BD1CAA105800D69792 /* SnapKtiDemoUITests.swift in Sources */,
			);
			runOnlyForDeploymentPostprocessing = 0;
		};
/* End PBXSourcesBuildPhase section */

/* Begin PBXTargetDependency section */
		183919AF1CAA105800D69792 /* PBXTargetDependency */ = {
			isa = PBXTargetDependency;
			target = 183919981CAA105800D69792 /* SnapKtiDemo */;
			targetProxy = 183919AE1CAA105800D69792 /* PBXContainerItemProxy */;
		};
		183919BA1CAA105800D69792 /* PBXTargetDependency */ = {
			isa = PBXTargetDependency;
			target = 183919981CAA105800D69792 /* SnapKtiDemo */;
			targetProxy = 183919B91CAA105800D69792 /* PBXContainerItemProxy */;
		};
/* End PBXTargetDependency section */

/* Begin PBXVariantGroup section */
		183919A01CAA105800D69792 /* Main.storyboard */ = {
			isa = PBXVariantGroup;
			children = (
				183919A11CAA105800D69792 /* Base */,
			);
			name = Main.storyboard;
			sourceTree = "<group>";
		};
		183919A51CAA105800D69792 /* LaunchScreen.storyboard */ = {
			isa = PBXVariantGroup;
			children = (
				183919A61CAA105800D69792 /* Base */,
			);
			name = LaunchScreen.storyboard;
			sourceTree = "<group>";
		};
/* End PBXVariantGroup section */

/* Begin XCBuildConfiguration section */
		183919BF1CAA105800D69792 /* Debug */ = {
			isa = XCBuildConfiguration;
			buildSettings = {
				ALWAYS_SEARCH_USER_PATHS = NO;
				CLANG_CXX_LANGUAGE_STANDARD = "gnu++0x";
				CLANG_CXX_LIBRARY = "libc++";
				CLANG_ENABLE_MODULES = YES;
				CLANG_ENABLE_OBJC_ARC = YES;
				CLANG_WARN_BOOL_CONVERSION = YES;
				CLANG_WARN_CONSTANT_CONVERSION = YES;
				CLANG_WARN_DIRECT_OBJC_ISA_USAGE = YES_ERROR;
				CLANG_WARN_EMPTY_BODY = YES;
				CLANG_WARN_ENUM_CONVERSION = YES;
				CLANG_WARN_INT_CONVERSION = YES;
				CLANG_WARN_OBJC_ROOT_CLASS = YES_ERROR;
				CLANG_WARN_UNREACHABLE_CODE = YES;
				CLANG_WARN__DUPLICATE_METHOD_MATCH = YES;
				"CODE_SIGN_IDENTITY[sdk=iphoneos*]" = "iPhone Developer";
				COPY_PHASE_STRIP = NO;
				DEBUG_INFORMATION_FORMAT = dwarf;
				ENABLE_STRICT_OBJC_MSGSEND = YES;
				ENABLE_TESTABILITY = YES;
				GCC_C_LANGUAGE_STANDARD = gnu99;
				GCC_DYNAMIC_NO_PIC = NO;
				GCC_NO_COMMON_BLOCKS = YES;
				GCC_OPTIMIZATION_LEVEL = 0;
				GCC_PREPROCESSOR_DEFINITIONS = (
					"DEBUG=1",
					"$(inherited)",
				);
				GCC_WARN_64_TO_32_BIT_CONVERSION = YES;
				GCC_WARN_ABOUT_RETURN_TYPE = YES_ERROR;
				GCC_WARN_UNDECLARED_SELECTOR = YES;
				GCC_WARN_UNINITIALIZED_AUTOS = YES_AGGRESSIVE;
				GCC_WARN_UNUSED_FUNCTION = YES;
				GCC_WARN_UNUSED_VARIABLE = YES;
				IPHONEOS_DEPLOYMENT_TARGET = 9.2;
				MTL_ENABLE_DEBUG_INFO = YES;
				ONLY_ACTIVE_ARCH = YES;
				SDKROOT = iphoneos;
				SWIFT_OPTIMIZATION_LEVEL = "-Onone";
			};
			name = Debug;
		};
		183919C01CAA105800D69792 /* Release */ = {
			isa = XCBuildConfiguration;
			buildSettings = {
				ALWAYS_SEARCH_USER_PATHS = NO;
				CLANG_CXX_LANGUAGE_STANDARD = "gnu++0x";
				CLANG_CXX_LIBRARY = "libc++";
				CLANG_ENABLE_MODULES = YES;
				CLANG_ENABLE_OBJC_ARC = YES;
				CLANG_WARN_BOOL_CONVERSION = YES;
				CLANG_WARN_CONSTANT_CONVERSION = YES;
				CLANG_WARN_DIRECT_OBJC_ISA_USAGE = YES_ERROR;
				CLANG_WARN_EMPTY_BODY = YES;
				CLANG_WARN_ENUM_CONVERSION = YES;
				CLANG_WARN_INT_CONVERSION = YES;
				CLANG_WARN_OBJC_ROOT_CLASS = YES_ERROR;
				CLANG_WARN_UNREACHABLE_CODE = YES;
				CLANG_WARN__DUPLICATE_METHOD_MATCH = YES;
				"CODE_SIGN_IDENTITY[sdk=iphoneos*]" = "iPhone Developer";
				COPY_PHASE_STRIP = NO;
				DEBUG_INFORMATION_FORMAT = "dwarf-with-dsym";
				ENABLE_NS_ASSERTIONS = NO;
				ENABLE_STRICT_OBJC_MSGSEND = YES;
				GCC_C_LANGUAGE_STANDARD = gnu99;
				GCC_NO_COMMON_BLOCKS = YES;
				GCC_WARN_64_TO_32_BIT_CONVERSION = YES;
				GCC_WARN_ABOUT_RETURN_TYPE = YES_ERROR;
				GCC_WARN_UNDECLARED_SELECTOR = YES;
				GCC_WARN_UNINITIALIZED_AUTOS = YES_AGGRESSIVE;
				GCC_WARN_UNUSED_FUNCTION = YES;
				GCC_WARN_UNUSED_VARIABLE = YES;
				IPHONEOS_DEPLOYMENT_TARGET = 9.2;
				MTL_ENABLE_DEBUG_INFO = NO;
				SDKROOT = iphoneos;
				VALIDATE_PRODUCT = YES;
			};
			name = Release;
		};
		183919C21CAA105800D69792 /* Debug */ = {
			isa = XCBuildConfiguration;
			baseConfigurationReference = 4A2D0F3B9BF67EC056AEF6FB /* Pods.debug.xcconfig */;
			buildSettings = {
				ASSETCATALOG_COMPILER_APPICON_NAME = AppIcon;
				CLANG_ENABLE_MODULES = YES;
				INFOPLIST_FILE = SnapKtiDemo/Info.plist;
				IPHONEOS_DEPLOYMENT_TARGET = 8.3;
				LD_RUNPATH_SEARCH_PATHS = "$(inherited) @executable_path/Frameworks";
				PRODUCT_BUNDLE_IDENTIFIER = com.lihuan.SnapKtiDemo;
				PRODUCT_NAME = "$(TARGET_NAME)";
				SWIFT_OBJC_BRIDGING_HEADER = "SnapKtiDemo/SnapKtiDemo-Bridging-Header.h";
				SWIFT_OPTIMIZATION_LEVEL = "-Onone";
			};
			name = Debug;
		};
		183919C31CAA105800D69792 /* Release */ = {
			isa = XCBuildConfiguration;
			baseConfigurationReference = BD28B443495944E86FD0AB10 /* Pods.release.xcconfig */;
			buildSettings = {
				ASSETCATALOG_COMPILER_APPICON_NAME = AppIcon;
				CLANG_ENABLE_MODULES = YES;
				INFOPLIST_FILE = SnapKtiDemo/Info.plist;
				IPHONEOS_DEPLOYMENT_TARGET = 8.3;
				LD_RUNPATH_SEARCH_PATHS = "$(inherited) @executable_path/Frameworks";
				PRODUCT_BUNDLE_IDENTIFIER = com.lihuan.SnapKtiDemo;
				PRODUCT_NAME = "$(TARGET_NAME)";
				SWIFT_OBJC_BRIDGING_HEADER = "SnapKtiDemo/SnapKtiDemo-Bridging-Header.h";
			};
			name = Release;
		};
		183919C51CAA105800D69792 /* Debug */ = {
			isa = XCBuildConfiguration;
			buildSettings = {
				BUNDLE_LOADER = "$(TEST_HOST)";
				INFOPLIST_FILE = SnapKtiDemoTests/Info.plist;
				LD_RUNPATH_SEARCH_PATHS = "$(inherited) @executable_path/Frameworks @loader_path/Frameworks";
				PRODUCT_BUNDLE_IDENTIFIER = com.lihuan.SnapKtiDemoTests;
				PRODUCT_NAME = "$(TARGET_NAME)";
				TEST_HOST = "$(BUILT_PRODUCTS_DIR)/SnapKtiDemo.app/SnapKtiDemo";
			};
			name = Debug;
		};
		183919C61CAA105800D69792 /* Release */ = {
			isa = XCBuildConfiguration;
			buildSettings = {
				BUNDLE_LOADER = "$(TEST_HOST)";
				INFOPLIST_FILE = SnapKtiDemoTests/Info.plist;
				LD_RUNPATH_SEARCH_PATHS = "$(inherited) @executable_path/Frameworks @loader_path/Frameworks";
				PRODUCT_BUNDLE_IDENTIFIER = com.lihuan.SnapKtiDemoTests;
				PRODUCT_NAME = "$(TARGET_NAME)";
				TEST_HOST = "$(BUILT_PRODUCTS_DIR)/SnapKtiDemo.app/SnapKtiDemo";
			};
			name = Release;
		};
		183919C81CAA105800D69792 /* Debug */ = {
			isa = XCBuildConfiguration;
			buildSettings = {
				INFOPLIST_FILE = SnapKtiDemoUITests/Info.plist;
				LD_RUNPATH_SEARCH_PATHS = "$(inherited) @executable_path/Frameworks @loader_path/Frameworks";
				PRODUCT_BUNDLE_IDENTIFIER = com.lihuan.SnapKtiDemoUITests;
				PRODUCT_NAME = "$(TARGET_NAME)";
				TEST_TARGET_NAME = SnapKtiDemo;
				USES_XCTRUNNER = YES;
			};
			name = Debug;
		};
		183919C91CAA105800D69792 /* Release */ = {
			isa = XCBuildConfiguration;
			buildSettings = {
				INFOPLIST_FILE = SnapKtiDemoUITests/Info.plist;
				LD_RUNPATH_SEARCH_PATHS = "$(inherited) @executable_path/Frameworks @loader_path/Frameworks";
				PRODUCT_BUNDLE_IDENTIFIER = com.lihuan.SnapKtiDemoUITests;
				PRODUCT_NAME = "$(TARGET_NAME)";
				TEST_TARGET_NAME = SnapKtiDemo;
				USES_XCTRUNNER = YES;
			};
			name = Release;
		};
/* End XCBuildConfiguration section */

/* Begin XCConfigurationList section */
		183919941CAA105800D69792 /* Build configuration list for PBXProject "SnapKtiDemo" */ = {
			isa = XCConfigurationList;
			buildConfigurations = (
				183919BF1CAA105800D69792 /* Debug */,
				183919C01CAA105800D69792 /* Release */,
			);
			defaultConfigurationIsVisible = 0;
			defaultConfigurationName = Release;
		};
		183919C11CAA105800D69792 /* Build configuration list for PBXNativeTarget "SnapKtiDemo" */ = {
			isa = XCConfigurationList;
			buildConfigurations = (
				183919C21CAA105800D69792 /* Debug */,
				183919C31CAA105800D69792 /* Release */,
			);
			defaultConfigurationIsVisible = 0;
			defaultConfigurationName = Release;
		};
		183919C41CAA105800D69792 /* Build configuration list for PBXNativeTarget "SnapKtiDemoTests" */ = {
			isa = XCConfigurationList;
			buildConfigurations = (
				183919C51CAA105800D69792 /* Debug */,
				183919C61CAA105800D69792 /* Release */,
			);
			defaultConfigurationIsVisible = 0;
			defaultConfigurationName = Release;
		};
		183919C71CAA105800D69792 /* Build configuration list for PBXNativeTarget "SnapKtiDemoUITests" */ = {
			isa = XCConfigurationList;
			buildConfigurations = (
				183919C81CAA105800D69792 /* Debug */,
				183919C91CAA105800D69792 /* Release */,
			);
			defaultConfigurationIsVisible = 0;
			defaultConfigurationName = Release;
		};
/* End XCConfigurationList section */
	};
	rootObject = 183919911CAA105800D69792 /* Project object */;
}
